
Microsoft Visual Studio Solution File, Format Version 12.00
# Visual Studio Version 17
VisualStudioVersion = 17.8.34525.116
MinimumVisualStudioVersion = 10.0.40219.1
Project("{FAE04EC0-301F-11D3-BF4B-00C04F79EFBC}") = "CrossStitchGenerator", "CrossStitchGenerator\CrossStitchGenerator.csproj", "{C0894466-EA3E-4398-B519-66602A14DF84}"
EndProject
Global
	GlobalSection(SolutionConfigurationPlatforms) = preSolution
		Debug|Any CPU = Debug|Any CPU
		Release|Any CPU = Release|Any CPU
	EndGlobalSection
	GlobalSection(ProjectConfigurationPlatforms) = postSolution
		{C0894466-EA3E-4398-B519-66602A14DF84}.Debug|Any CPU.ActiveCfg = Debug|Any CPU
		{C0894466-EA3E-4398-B519-66602A14DF84}.Debug|Any CPU.Build.0 = Debug|Any CPU
		{C0894466-EA3E-4398-B519-66602A14DF84}.Release|Any CPU.ActiveCfg = Release|Any CPU
		{C0894466-EA3E-4398-B519-66602A14DF84}.Release|Any CPU.Build.0 = Release|Any CPU
	EndGlobalSection
	GlobalSection(SolutionProperties) = preSolution
		HideSolutionNode = FALSE
	EndGlobalSection
	GlobalSection(ExtensibilityGlobals) = postSolution
		SolutionGuid = {44C26F67-F072-4F29-ACEC-261CF9F830FF}
	EndGlobalSection
EndGlobal
